
Microsoft Visual Studio Solution File, Format Version 12.00
# Visual Studio Version 18
VisualStudioVersion = 18.0.11010.61
MinimumVisualStudioVersion = 15.0.26124.0
Project("{2150E333-8FDC-42A3-9474-1A3956D46DE8}") = "src", "src", "{2999BE8A-2C03-4997-957A-66142629BCD5}"
EndProject
Project("{2150E333-8FDC-42A3-9474-1A3956D46DE8}") = "tests", "tests", "{44ED8342-082C-465B-A52B-92E35CFFF5FF}"
EndProject
Project("{2150E333-8FDC-42A3-9474-1A3956D46DE8}") = "_Solution Items", "_Solution Items", "{70942B41-08AF-4D88-A95A-31811AD32599}"
	ProjectSection(SolutionItems) = preProject
		.editorconfig = .editorconfig
	EndProjectSection
EndProject
Project("{FAE04EC0-301F-11D3-BF4B-00C04F79EFBC}") = "TechVeo.Api.Application", "src\TechVeo.Api.Application\TechVeo.Api.Application.csproj", "{AF578DB3-29FD-31B7-09A9-C49EC0CF6AEA}"
EndProject
Project("{FAE04EC0-301F-11D3-BF4B-00C04F79EFBC}") = "TechVeo.Api.Contracts", "src\TechVeo.Api.Contracts\TechVeo.Api.Contracts.csproj", "{545906B7-7D68-0D6B-C9AF-1EBC57A0D3B6}"
EndProject
Project("{FAE04EC0-301F-11D3-BF4B-00C04F79EFBC}") = "TechVeo.Api.Domain", "src\TechVeo.Api.Domain\TechVeo.Api.Domain.csproj", "{BB6DCCAD-75CF-CCA3-7F36-E1FB823EE531}"
EndProject
Project("{FAE04EC0-301F-11D3-BF4B-00C04F79EFBC}") = "TechVeo.Api.Infra", "src\TechVeo.Api.Infra\TechVeo.Api.Infra.csproj", "{C1A1D042-CE22-E939-76AE-AE4F130909EE}"
EndProject
Project("{FAE04EC0-301F-11D3-BF4B-00C04F79EFBC}") = "TechVeo.Api.Tests", "tests\TechVeo.Api.Api.Tests\TechVeo.Api.Tests.csproj", "{A26B17FD-0DD8-4413-718C-372BAAD14525}"
EndProject
Project("{FAE04EC0-301F-11D3-BF4B-00C04F79EFBC}") = "TechVeo.Api.Application.Tests", "tests\TechVeo.Api.Application.Tests\TechVeo.Api.Application.Tests.csproj", "{635ADACF-B844-7F59-DAE0-CB149B96A3E4}"
EndProject
Project("{FAE04EC0-301F-11D3-BF4B-00C04F79EFBC}") = "TechVeo.Api.Domain.Tests", "tests\TechVeo.Api.Domain.Tests\TechVeo.Api.Domain.Tests.csproj", "{E5EE6873-9D98-E6AD-DA8E-BCB5D115D6F3}"
EndProject
Project("{FAE04EC0-301F-11D3-BF4B-00C04F79EFBC}") = "TechVeo.Api.Integration.Tests", "tests\TechVeo.Api.Integration.Tests\TechVeo.Api.Integration.Tests.csproj", "{A5C56F94-D3D7-3E74-57EB-742D899ECEBF}"
EndProject
Project("{FAE04EC0-301F-11D3-BF4B-00C04F79EFBC}") = "TechVeo.Api", "..\techveo\src\TechVeo.Api\TechVeo.Api.csproj", "{58AE0A1E-4BC1-A08E-BD25-54D7F3977AB1}"
EndProject
Global
	GlobalSection(SolutionConfigurationPlatforms) = preSolution
		Debug|Any CPU = Debug|Any CPU
		Release|Any CPU = Release|Any CPU
	EndGlobalSection
	GlobalSection(ProjectConfigurationPlatforms) = postSolution
		{AF578DB3-29FD-31B7-09A9-C49EC0CF6AEA}.Debug|Any CPU.ActiveCfg = Debug|Any CPU
		{AF578DB3-29FD-31B7-09A9-C49EC0CF6AEA}.Debug|Any CPU.Build.0 = Debug|Any CPU
		{AF578DB3-29FD-31B7-09A9-C49EC0CF6AEA}.Release|Any CPU.ActiveCfg = Release|Any CPU
		{AF578DB3-29FD-31B7-09A9-C49EC0CF6AEA}.Release|Any CPU.Build.0 = Release|Any CPU
		{545906B7-7D68-0D6B-C9AF-1EBC57A0D3B6}.Debug|Any CPU.ActiveCfg = Debug|Any CPU
		{545906B7-7D68-0D6B-C9AF-1EBC57A0D3B6}.Debug|Any CPU.Build.0 = Debug|Any CPU
		{545906B7-7D68-0D6B-C9AF-1EBC57A0D3B6}.Release|Any CPU.ActiveCfg = Release|Any CPU
		{545906B7-7D68-0D6B-C9AF-1EBC57A0D3B6}.Release|Any CPU.Build.0 = Release|Any CPU
		{BB6DCCAD-75CF-CCA3-7F36-E1FB823EE531}.Debug|Any CPU.ActiveCfg = Debug|Any CPU
		{BB6DCCAD-75CF-CCA3-7F36-E1FB823EE531}.Debug|Any CPU.Build.0 = Debug|Any CPU
		{BB6DCCAD-75CF-CCA3-7F36-E1FB823EE531}.Release|Any CPU.ActiveCfg = Release|Any CPU
		{BB6DCCAD-75CF-CCA3-7F36-E1FB823EE531}.Release|Any CPU.Build.0 = Release|Any CPU
		{C1A1D042-CE22-E939-76AE-AE4F130909EE}.Debug|Any CPU.ActiveCfg = Debug|Any CPU
		{C1A1D042-CE22-E939-76AE-AE4F130909EE}.Debug|Any CPU.Build.0 = Debug|Any CPU
		{C1A1D042-CE22-E939-76AE-AE4F130909EE}.Release|Any CPU.ActiveCfg = Release|Any CPU
		{C1A1D042-CE22-E939-76AE-AE4F130909EE}.Release|Any CPU.Build.0 = Release|Any CPU
		{A26B17FD-0DD8-4413-718C-372BAAD14525}.Debug|Any CPU.ActiveCfg = Debug|Any CPU
		{A26B17FD-0DD8-4413-718C-372BAAD14525}.Debug|Any CPU.Build.0 = Debug|Any CPU
		{A26B17FD-0DD8-4413-718C-372BAAD14525}.Release|Any CPU.ActiveCfg = Release|Any CPU
		{A26B17FD-0DD8-4413-718C-372BAAD14525}.Release|Any CPU.Build.0 = Release|Any CPU
		{635ADACF-B844-7F59-DAE0-CB149B96A3E4}.Debug|Any CPU.ActiveCfg = Debug|Any CPU
		{635ADACF-B844-7F59-DAE0-CB149B96A3E4}.Debug|Any CPU.Build.0 = Debug|Any CPU
		{635ADACF-B844-7F59-DAE0-CB149B96A3E4}.Release|Any CPU.ActiveCfg = Release|Any CPU
		{635ADACF-B844-7F59-DAE0-CB149B96A3E4}.Release|Any CPU.Build.0 = Release|Any CPU
		{E5EE6873-9D98-E6AD-DA8E-BCB5D115D6F3}.Debug|Any CPU.ActiveCfg = Debug|Any CPU
		{E5EE6873-9D98-E6AD-DA8E-BCB5D115D6F3}.Debug|Any CPU.Build.0 = Debug|Any CPU
		{E5EE6873-9D98-E6AD-DA8E-BCB5D115D6F3}.Release|Any CPU.ActiveCfg = Release|Any CPU
		{E5EE6873-9D98-E6AD-DA8E-BCB5D115D6F3}.Release|Any CPU.Build.0 = Release|Any CPU
		{A5C56F94-D3D7-3E74-57EB-742D899ECEBF}.Debug|Any CPU.ActiveCfg = Debug|Any CPU
		{A5C56F94-D3D7-3E74-57EB-742D899ECEBF}.Debug|Any CPU.Build.0 = Debug|Any CPU
		{A5C56F94-D3D7-3E74-57EB-742D899ECEBF}.Release|Any CPU.ActiveCfg = Release|Any CPU
		{A5C56F94-D3D7-3E74-57EB-742D899ECEBF}.Release|Any CPU.Build.0 = Release|Any CPU
		{58AE0A1E-4BC1-A08E-BD25-54D7F3977AB1}.Debug|Any CPU.ActiveCfg = Debug|Any CPU
		{58AE0A1E-4BC1-A08E-BD25-54D7F3977AB1}.Debug|Any CPU.Build.0 = Debug|Any CPU
		{58AE0A1E-4BC1-A08E-BD25-54D7F3977AB1}.Release|Any CPU.ActiveCfg = Release|Any CPU
		{58AE0A1E-4BC1-A08E-BD25-54D7F3977AB1}.Release|Any CPU.Build.0 = Release|Any CPU
	EndGlobalSection
	GlobalSection(SolutionProperties) = preSolution
		HideSolutionNode = FALSE
	EndGlobalSection
	GlobalSection(NestedProjects) = preSolution
		{AF578DB3-29FD-31B7-09A9-C49EC0CF6AEA} = {2999BE8A-2C03-4997-957A-66142629BCD5}
		{545906B7-7D68-0D6B-C9AF-1EBC57A0D3B6} = {2999BE8A-2C03-4997-957A-66142629BCD5}
		{BB6DCCAD-75CF-CCA3-7F36-E1FB823EE531} = {2999BE8A-2C03-4997-957A-66142629BCD5}
		{C1A1D042-CE22-E939-76AE-AE4F130909EE} = {2999BE8A-2C03-4997-957A-66142629BCD5}
		{A26B17FD-0DD8-4413-718C-372BAAD14525} = {44ED8342-082C-465B-A52B-92E35CFFF5FF}
		{635ADACF-B844-7F59-DAE0-CB149B96A3E4} = {44ED8342-082C-465B-A52B-92E35CFFF5FF}
		{E5EE6873-9D98-E6AD-DA8E-BCB5D115D6F3} = {44ED8342-082C-465B-A52B-92E35CFFF5FF}
		{A5C56F94-D3D7-3E74-57EB-742D899ECEBF} = {44ED8342-082C-465B-A52B-92E35CFFF5FF}
		{58AE0A1E-4BC1-A08E-BD25-54D7F3977AB1} = {2999BE8A-2C03-4997-957A-66142629BCD5}
	EndGlobalSection
	GlobalSection(ExtensibilityGlobals) = postSolution
		SolutionGuid = {08492C5F-0B0F-4434-9AAF-5ED0298B15BF}
	EndGlobalSection
EndGlobal
